
Microsoft Visual Studio Solution File, Format Version 12.00
# Visual Studio 15
VisualStudioVersion = 15.0.28307.489
MinimumVisualStudioVersion = 10.0.40219.1
Project("{FAE04EC0-301F-11D3-BF4B-00C04F79EFBC}") = "guessnumber", "guessnumber\guessnumber.csproj", "{DA9D4789-5C3F-4D40-AF52-332D867C6EEB}"
EndProject
Global
	GlobalSection(SolutionConfigurationPlatforms) = preSolution
		Debug|Any CPU = Debug|Any CPU
		Release|Any CPU = Release|Any CPU
	EndGlobalSection
	GlobalSection(ProjectConfigurationPlatforms) = postSolution
		{DA9D4789-5C3F-4D40-AF52-332D867C6EEB}.Debug|Any CPU.ActiveCfg = Debug|Any CPU
		{DA9D4789-5C3F-4D40-AF52-332D867C6EEB}.Debug|Any CPU.Build.0 = Debug|Any CPU
		{DA9D4789-5C3F-4D40-AF52-332D867C6EEB}.Release|Any CPU.ActiveCfg = Release|Any CPU
		{DA9D4789-5C3F-4D40-AF52-332D867C6EEB}.Release|Any CPU.Build.0 = Release|Any CPU
	EndGlobalSection
	GlobalSection(SolutionProperties) = preSolution
		HideSolutionNode = FALSE
	EndGlobalSection
	GlobalSection(ExtensibilityGlobals) = postSolution
		SolutionGuid = {D4D743E0-74BA-45FB-9EF5-EB4BD5BC29E9}
	EndGlobalSection
EndGlobal
